
Microsoft Visual Studio Solution File, Format Version 12.00
# Visual Studio Version 17
VisualStudioVersion = 17.0.31903.59
MinimumVisualStudioVersion = 10.0.40219.1
Project("{FAE04EC0-301F-11D3-BF4B-00C04F79EFBC}") = "Backend", "backend\Backend.csproj", "{542A0BFD-191B-42B3-AEE4-D7BD2F5E34FF}"
EndProject
Project("{FAE04EC0-301F-11D3-BF4B-00C04F79EFBC}") = "backend.Tests", "backend.Tests\backend.Tests.csproj", "{65DA8C65-9826-4C25-BE6E-79CFF70B1C64}"
EndProject
Global
	GlobalSection(SolutionConfigurationPlatforms) = preSolution
		Debug|Any CPU = Debug|Any CPU
		Release|Any CPU = Release|Any CPU
	EndGlobalSection
	GlobalSection(SolutionProperties) = preSolution
		HideSolutionNode = FALSE
	EndGlobalSection
	GlobalSection(ProjectConfigurationPlatforms) = postSolution
		{542A0BFD-191B-42B3-AEE4-D7BD2F5E34FF}.Debug|Any CPU.ActiveCfg = Debug|Any CPU
		{542A0BFD-191B-42B3-AEE4-D7BD2F5E34FF}.Debug|Any CPU.Build.0 = Debug|Any CPU
		{542A0BFD-191B-42B3-AEE4-D7BD2F5E34FF}.Release|Any CPU.ActiveCfg = Release|Any CPU
		{542A0BFD-191B-42B3-AEE4-D7BD2F5E34FF}.Release|Any CPU.Build.0 = Release|Any CPU
		{65DA8C65-9826-4C25-BE6E-79CFF70B1C64}.Debug|Any CPU.ActiveCfg = Debug|Any CPU
		{65DA8C65-9826-4C25-BE6E-79CFF70B1C64}.Debug|Any CPU.Build.0 = Debug|Any CPU
		{65DA8C65-9826-4C25-BE6E-79CFF70B1C64}.Release|Any CPU.ActiveCfg = Release|Any CPU
		{65DA8C65-9826-4C25-BE6E-79CFF70B1C64}.Release|Any CPU.Build.0 = Release|Any CPU
	EndGlobalSection
EndGlobal
